
Microsoft Visual Studio Solution File, Format Version 12.00
# Visual Studio Version 16
VisualStudioVersion = 16.0.32510.428
MinimumVisualStudioVersion = 10.0.40219.1
Project("{FAE04EC0-301F-11D3-BF4B-00C04F79EFBC}") = "BestValueDollar", "BestValueDollar\BestValueDollar.csproj", "{1F60F50E-5AC5-41E2-803F-B4194267722F}"
EndProject
Global
	GlobalSection(SolutionConfigurationPlatforms) = preSolution
		Debug|Any CPU = Debug|Any CPU
		Release|Any CPU = Release|Any CPU
	EndGlobalSection
	GlobalSection(ProjectConfigurationPlatforms) = postSolution
		{1F60F50E-5AC5-41E2-803F-B4194267722F}.Debug|Any CPU.ActiveCfg = Debug|Any CPU
		{1F60F50E-5AC5-41E2-803F-B4194267722F}.Debug|Any CPU.Build.0 = Debug|Any CPU
		{1F60F50E-5AC5-41E2-803F-B4194267722F}.Release|Any CPU.ActiveCfg = Release|Any CPU
		{1F60F50E-5AC5-41E2-803F-B4194267722F}.Release|Any CPU.Build.0 = Release|Any CPU
	EndGlobalSection
	GlobalSection(SolutionProperties) = preSolution
		HideSolutionNode = FALSE
	EndGlobalSection
	GlobalSection(ExtensibilityGlobals) = postSolution
		SolutionGuid = {B02ABAC7-2E5F-48CB-8F46-D7848A8F17D6}
	EndGlobalSection
EndGlobal
